Microsoft Visual Studio Solution File, Format Version 12.00
# Visual Studio Version 17
VisualStudioVersion = 17.5.2.0
MinimumVisualStudioVersion = 10.0.40219.1
Project("{FAE04EC0-301F-11D3-BF4B-00C04F79EFBC}") = "DatabankApi", "DatabankApi.csproj", "{6EDD3953-8507-FFE3-5551-D074016BB109}"
EndProject
Global
	GlobalSection(SolutionConfigurationPlatforms) = preSolution
		Debug|Any CPU = Debug|Any CPU
		Release|Any CPU = Release|Any CPU
	EndGlobalSection
	GlobalSection(ProjectConfigurationPlatforms) = postSolution
		{6EDD3953-8507-FFE3-5551-D074016BB109}.Debug|Any CPU.ActiveCfg = Debug|Any CPU
		{6EDD3953-8507-FFE3-5551-D074016BB109}.Debug|Any CPU.Build.0 = Debug|Any CPU
		{6EDD3953-8507-FFE3-5551-D074016BB109}.Release|Any CPU.ActiveCfg = Release|Any CPU
		{6EDD3953-8507-FFE3-5551-D074016BB109}.Release|Any CPU.Build.0 = Release|Any CPU
	EndGlobalSection
	GlobalSection(SolutionProperties) = preSolution
		HideSolutionNode = FALSE
	EndGlobalSection
	GlobalSection(ExtensibilityGlobals) = postSolution
		SolutionGuid = {4ED32AF5-A453-4825-AACC-D72118809233}
	EndGlobalSection
EndGlobal
